
Microsoft Visual Studio Solution File, Format Version 12.00
# Visual Studio Version 17
VisualStudioVersion = 17.10.35013.160
MinimumVisualStudioVersion = 10.0.40219.1
Project("{FAE04EC0-301F-11D3-BF4B-00C04F79EFBC}") = "UIStockChatbot", "UIStockChatbot\UIStockChatbot.csproj", "{C05B87DE-2B7E-4261-98C5-EB00BFB9B352}"
EndProject
Global
	GlobalSection(SolutionConfigurationPlatforms) = preSolution
		Debug|Any CPU = Debug|Any CPU
		Release|Any CPU = Release|Any CPU
	EndGlobalSection
	GlobalSection(ProjectConfigurationPlatforms) = postSolution
		{C05B87DE-2B7E-4261-98C5-EB00BFB9B352}.Debug|Any CPU.ActiveCfg = Debug|Any CPU
		{C05B87DE-2B7E-4261-98C5-EB00BFB9B352}.Debug|Any CPU.Build.0 = Debug|Any CPU
		{C05B87DE-2B7E-4261-98C5-EB00BFB9B352}.Release|Any CPU.ActiveCfg = Release|Any CPU
		{C05B87DE-2B7E-4261-98C5-EB00BFB9B352}.Release|Any CPU.Build.0 = Release|Any CPU
	EndGlobalSection
	GlobalSection(SolutionProperties) = preSolution
		HideSolutionNode = FALSE
	EndGlobalSection
	GlobalSection(ExtensibilityGlobals) = postSolution
		SolutionGuid = {54C3936A-3B05-4FC7-8D3B-D5A391F95100}
	EndGlobalSection
EndGlobal
